{
  "name": "maps",
  "version": "1.0.0",
  "lockfileVersion": 2,
  "requires": true,
  "packages": {
    "": {
      "version": "1.0.0",
      "license": "ISC",
      "dependencies": {
        "faker": "^5.3.1"
      },
      "devDependencies": {
        "@types/faker": "^5.1.6"
      }
    },
    "node_modules/@types/faker": {
      "version": "5.1.6",
      "resolved": "https://registry.npmjs.org/@types/faker/-/faker-5.1.6.tgz",
      "integrity": "sha512-D+gfFWR/YCvlrYL8lgNZO1jKgIUW+cfhxsgMOqUMYwCI+tl0htD7vCCXp/oJsIxJpxuI7zqmo3gpVQBkFCM4iA==",
      "dev": true
    },
    "node_modules/faker": {
      "version": "5.3.1",
      "resolved": "https://registry.npmjs.org/faker/-/faker-5.3.1.tgz",
      "integrity": "sha512-sVdoApX/awJHO9DZHZsHVaJBNFiJW0n3lPs0q/nFxp/Mtya1dr2sCMktST3mdxNMHjkvKTTMAW488E+jH1eSbg=="
    }
  },
  "dependencies": {
    "@types/faker": {
      "version": "5.1.6",
      "resolved": "https://registry.npmjs.org/@types/faker/-/faker-5.1.6.tgz",
      "integrity": "sha512-D+gfFWR/YCvlrYL8lgNZO1jKgIUW+cfhxsgMOqUMYwCI+tl0htD7vCCXp/oJsIxJpxuI7zqmo3gpVQBkFCM4iA==",
      "dev": true
    },
    "faker": {
      "version": "5.3.1",
      "resolved": "https://registry.npmjs.org/faker/-/faker-5.3.1.tgz",
      "integrity": "sha512-sVdoApX/awJHO9DZHZsHVaJBNFiJW0n3lPs0q/nFxp/Mtya1dr2sCMktST3mdxNMHjkvKTTMAW488E+jH1eSbg=="
    }
  }
}
